// !$*UTF8*$!
{
	archiveVersion = 1;
	classes = {
	};
	objectVersion = 46;
	objects = {

/* Begin PBXBuildFile section */
		63E413241F11918F00616D15 /* vocab.txt in Resources */ = {isa = PBXBuildFile; fileRef = 63E413231F11918F00616D15 /* vocab.txt */; };
		FBFAC4391F11C2470077F274 /* AppDelegate.swift in Sources */ = {isa = PBXBuildFile; fileRef = FBFAC4381F11C2470077F274 /* AppDelegate.swift */; };
		FBFAC43B1F11C2470077F274 /* ViewController.swift in Sources */ = {isa = PBXBuildFile; fileRef = FBFAC43A1F11C2470077F274 /* ViewController.swift */; };
		FBFAC43E1F11C2470077F274 /* Main.storyboard in Resources */ = {isa = PBXBuildFile; fileRef = FBFAC43C1F11C2470077F274 /* Main.storyboard */; };
		FBFAC4401F11C2480077F274 /* Assets.xcassets in Resources */ = {isa = PBXBuildFile; fileRef = FBFAC43F1F11C2480077F274 /* Assets.xcassets */; };
		FBFAC4431F11C2480077F274 /* LaunchScreen.storyboard in Resources */ = {isa = PBXBuildFile; fileRef = FBFAC4411F11C2480077F274 /* LaunchScreen.storyboard */; };
		FBFAC44E1F11C2480077F274 /* text_parserTests.swift in Sources */ = {isa = PBXBuildFile; fileRef = FBFAC44D1F11C2480077F274 /* text_parserTests.swift */; };
		FBFAC4591F11C2480077F274 /* text_parserUITests.swift in Sources */ = {isa = PBXBuildFile; fileRef = FBFAC4581F11C2480077F274 /* text_parserUITests.swift */; };
/* End PBXBuildFile section */

/* Begin PBXContainerItemProxy section */
		FBFAC44A1F11C2480077F274 /* PBXContainerItemProxy */ = {
			isa = PBXContainerItemProxy;
			containerPortal = FBFAC42D1F11C2470077F274 /* Project object */;
			proxyType = 1;
			remoteGlobalIDString = FBFAC4341F11C2470077F274;
			remoteInfo = text_parser;
		};
		FBFAC4551F11C2480077F274 /* PBXContainerItemProxy */ = {
			isa = PBXContainerItemProxy;
			containerPortal = FBFAC42D1F11C2470077F274 /* Project object */;
			proxyType = 1;
			remoteGlobalIDString = FBFAC4341F11C2470077F274;
			remoteInfo = text_parser;
		};
/* End PBXContainerItemProxy section */

/* Begin PBXFileReference section */
		63E413231F11918F00616D15 /* vocab.txt */ = {isa = PBXFileReference; fileEncoding = 4; lastKnownFileType = text; path = vocab.txt; sourceTree = "<group>"; };
		FBFAC4351F11C2470077F274 /* text_parser.app */ = {isa = PBXFileReference; explicitFileType = wrapper.application; includeInIndex = 0; path = text_parser.app; sourceTree = BUILT_PRODUCTS_DIR; };
		FBFAC4381F11C2470077F274 /* AppDelegate.swift */ = {isa = PBXFileReference; lastKnownFileType = sourcecode.swift; path = AppDelegate.swift; sourceTree = "<group>"; };
		FBFAC43A1F11C2470077F274 /* ViewController.swift */ = {isa = PBXFileReference; lastKnownFileType = sourcecode.swift; path = ViewController.swift; sourceTree = "<group>"; };
		FBFAC43D1F11C2470077F274 /* Base */ = {isa = PBXFileReference; lastKnownFileType = file.storyboard; name = Base; path = Base.lproj/Main.storyboard; sourceTree = "<group>"; };
		FBFAC43F1F11C2480077F274 /* Assets.xcassets */ = {isa = PBXFileReference; lastKnownFileType = folder.assetcatalog; path = Assets.xcassets; sourceTree = "<group>"; };
		FBFAC4421F11C2480077F274 /* Base */ = {isa = PBXFileReference; lastKnownFileType = file.storyboard; name = Base; path = Base.lproj/LaunchScreen.storyboard; sourceTree = "<group>"; };
		FBFAC4441F11C2480077F274 /* Info.plist */ = {isa = PBXFileReference; lastKnownFileType = text.plist.xml; path = Info.plist; sourceTree = "<group>"; };
		FBFAC4491F11C2480077F274 /* text_parserTests.xctest */ = {isa = PBXFileReference; explicitFileType = wrapper.cfbundle; includeInIndex = 0; path = text_parserTests.xctest; sourceTree = BUILT_PRODUCTS_DIR; };
		FBFAC44D1F11C2480077F274 /* text_parserTests.swift */ = {isa = PBXFileReference; lastKnownFileType = sourcecode.swift; path = text_parserTests.swift; sourceTree = "<group>"; };
		FBFAC44F1F11C2480077F274 /* Info.plist */ = {isa = PBXFileReference; lastKnownFileType = text.plist.xml; path = Info.plist; sourceTree = "<group>"; };
		FBFAC4541F11C2480077F274 /* text_parserUITests.xctest */ = {isa = PBXFileReference; explicitFileType = wrapper.cfbundle; includeInIndex = 0; path = text_parserUITests.xctest; sourceTree = BUILT_PRODUCTS_DIR; };
		FBFAC4581F11C2480077F274 /* text_parserUITests.swift */ = {isa = PBXFileReference; lastKnownFileType = sourcecode.swift; path = text_parserUITests.swift; sourceTree = "<group>"; };
		FBFAC45A1F11C2480077F274 /* Info.plist */ = {isa = PBXFileReference; lastKnownFileType = text.plist.xml; path = Info.plist; sourceTree = "<group>"; };
/* End PBXFileReference section */

/* Begin PBXFrameworksBuildPhase section */
		FBFAC4321F11C2470077F274 /* Frameworks */ = {
			isa = PBXFrameworksBuildPhase;
			buildActionMask = 2147483647;
			files = (
			);
			runOnlyForDeploymentPostprocessing = 0;
		};
		FBFAC4461F11C2480077F274 /* Frameworks */ = {
			isa = PBXFrameworksBuildPhase;
			buildActionMask = 2147483647;
			files = (
			);
			runOnlyForDeploymentPostprocessing = 0;
		};
		FBFAC4511F11C2480077F274 /* Frameworks */ = {
			isa = PBXFrameworksBuildPhase;
			buildActionMask = 2147483647;
			files = (
			);
			runOnlyForDeploymentPostprocessing = 0;
		};
/* End PBXFrameworksBuildPhase section */

/* Begin PBXGroup section */
		FBFAC42C1F11C2470077F274 = {
			isa = PBXGroup;
			children = (
				FBFAC4371F11C2470077F274 /* text_parser */,
				FBFAC44C1F11C2480077F274 /* text_parserTests */,
				FBFAC4571F11C2480077F274 /* text_parserUITests */,
				FBFAC4361F11C2470077F274 /* Products */,
			);
			sourceTree = "<group>";
		};
		FBFAC4361F11C2470077F274 /* Products */ = {
			isa = PBXGroup;
			children = (
				FBFAC4351F11C2470077F274 /* text_parser.app */,
				FBFAC4491F11C2480077F274 /* text_parserTests.xctest */,
				FBFAC4541F11C2480077F274 /* text_parserUITests.xctest */,
			);
			name = Products;
			sourceTree = "<group>";
		};
		FBFAC4371F11C2470077F274 /* text_parser */ = {
			isa = PBXGroup;
			children = (
				63E413231F11918F00616D15 /* vocab.txt */,
				FBFAC4381F11C2470077F274 /* AppDelegate.swift */,
				FBFAC43A1F11C2470077F274 /* ViewController.swift */,
				FBFAC43C1F11C2470077F274 /* Main.storyboard */,
				FBFAC43F1F11C2480077F274 /* Assets.xcassets */,
				FBFAC4411F11C2480077F274 /* LaunchScreen.storyboard */,
				FBFAC4441F11C2480077F274 /* Info.plist */,
			);
			path = text_parser;
			sourceTree = "<group>";
		};
		FBFAC44C1F11C2480077F274 /* text_parserTests */ = {
			isa = PBXGroup;
			children = (
				FBFAC44D1F11C2480077F274 /* text_parserTests.swift */,
				FBFAC44F1F11C2480077F274 /* Info.plist */,
			);
			path = text_parserTests;
			sourceTree = "<group>";
		};
		FBFAC4571F11C2480077F274 /* text_parserUITests */ = {
			isa = PBXGroup;
			children = (
				FBFAC4581F11C2480077F274 /* text_parserUITests.swift */,
				FBFAC45A1F11C2480077F274 /* Info.plist */,
			);
			path = text_parserUITests;
			sourceTree = "<group>";
		};
/* End PBXGroup section */

/* Begin PBXNativeTarget section */
		FBFAC4341F11C2470077F274 /* text_parser */ = {
			isa = PBXNativeTarget;
			buildConfigurationList = FBFAC45D1F11C2480077F274 /* Build configuration list for PBXNativeTarget "text_parser" */;
			buildPhases = (
				FBFAC4311F11C2470077F274 /* Sources */,
				FBFAC4321F11C2470077F274 /* Frameworks */,
				FBFAC4331F11C2470077F274 /* Resources */,
			);
			buildRules = (
			);
			dependencies = (
			);
			name = text_parser;
			productName = text_parser;
			productReference = FBFAC4351F11C2470077F274 /* text_parser.app */;
			productType = "com.apple.product-type.application";
		};
		FBFAC4481F11C2480077F274 /* text_parserTests */ = {
			isa = PBXNativeTarget;
			buildConfigurationList = FBFAC4601F11C2480077F274 /* Build configuration list for PBXNativeTarget "text_parserTests" */;
			buildPhases = (
				FBFAC4451F11C2480077F274 /* Sources */,
				FBFAC4461F11C2480077F274 /* Frameworks */,
				FBFAC4471F11C2480077F274 /* Resources */,
			);
			buildRules = (
			);
			dependencies = (
				FBFAC44B1F11C2480077F274 /* PBXTargetDependency */,
			);
			name = text_parserTests;
			productName = text_parserTests;
			productReference = FBFAC4491F11C2480077F274 /* text_parserTests.xctest */;
			productType = "com.apple.product-type.bundle.unit-test";
		};
		FBFAC4531F11C2480077F274 /* text_parserUITests */ = {
			isa = PBXNativeTarget;
			buildConfigurationList = FBFAC4631F11C2480077F274 /* Build configuration list for PBXNativeTarget "text_parserUITests" */;
			buildPhases = (
				FBFAC4501F11C2480077F274 /* Sources */,
				FBFAC4511F11C2480077F274 /* Frameworks */,
				FBFAC4521F11C2480077F274 /* Resources */,
			);
			buildRules = (
			);
			dependencies = (
				FBFAC4561F11C2480077F274 /* PBXTargetDependency */,
			);
			name = text_parserUITests;
			productName = text_parserUITests;
			productReference = FBFAC4541F11C2480077F274 /* text_parserUITests.xctest */;
			productType = "com.apple.product-type.bundle.ui-testing";
		};
/* End PBXNativeTarget section */

/* Begin PBXProject section */
		FBFAC42D1F11C2470077F274 /* Project object */ = {
			isa = PBXProject;
			attributes = {
				LastSwiftUpdateCheck = 0830;
				LastUpgradeCheck = 0830;
				ORGANIZATIONNAME = "Tian Qiu";
				TargetAttributes = {
					FBFAC4341F11C2470077F274 = {
						CreatedOnToolsVersion = 8.3.3;
						ProvisioningStyle = Automatic;
					};
					FBFAC4481F11C2480077F274 = {
						CreatedOnToolsVersion = 8.3.3;
						ProvisioningStyle = Automatic;
						TestTargetID = FBFAC4341F11C2470077F274;
					};
					FBFAC4531F11C2480077F274 = {
						CreatedOnToolsVersion = 8.3.3;
						ProvisioningStyle = Automatic;
						TestTargetID = FBFAC4341F11C2470077F274;
					};
				};
			};
			buildConfigurationList = FBFAC4301F11C2470077F274 /* Build configuration list for PBXProject "text_parser" */;
			compatibilityVersion = "Xcode 3.2";
			developmentRegion = English;
			hasScannedForEncodings = 0;
			knownRegions = (
				en,
				Base,
			);
			mainGroup = FBFAC42C1F11C2470077F274;
			productRefGroup = FBFAC4361F11C2470077F274 /* Products */;
			projectDirPath = "";
			projectRoot = "";
			targets = (
				FBFAC4341F11C2470077F274 /* text_parser */,
				FBFAC4481F11C2480077F274 /* text_parserTests */,
				FBFAC4531F11C2480077F274 /* text_parserUITests */,
			);
		};
/* End PBXProject section */

/* Begin PBXResourcesBuildPhase section */
		FBFAC4331F11C2470077F274 /* Resources */ = {
			isa = PBXResourcesBuildPhase;
			buildActionMask = 2147483647;
			files = (
				FBFAC4431F11C2480077F274 /* LaunchScreen.storyboard in Resources */,
				FBFAC4401F11C2480077F274 /* Assets.xcassets in Resources */,
				63E413241F11918F00616D15 /* vocab.txt in Resources */,
				FBFAC43E1F11C2470077F274 /* Main.storyboard in Resources */,
			);
			runOnlyForDeploymentPostprocessing = 0;
		};
		FBFAC4471F11C2480077F274 /* Resources */ = {
			isa = PBXResourcesBuildPhase;
			buildActionMask = 2147483647;
			files = (
			);
			runOnlyForDeploymentPostprocessing = 0;
		};
		FBFAC4521F11C2480077F274 /* Resources */ = {
			isa = PBXResourcesBuildPhase;
			buildActionMask = 2147483647;
			files = (
			);
			runOnlyForDeploymentPostprocessing = 0;
		};
/* End PBXResourcesBuildPhase section */

/* Begin PBXSourcesBuildPhase section */
		FBFAC4311F11C2470077F274 /* Sources */ = {
			isa = PBXSourcesBuildPhase;
			buildActionMask = 2147483647;
			files = (
				FBFAC43B1F11C2470077F274 /* ViewController.swift in Sources */,
				FBFAC4391F11C2470077F274 /* AppDelegate.swift in Sources */,
			);
			runOnlyForDeploymentPostprocessing = 0;
		};
		FBFAC4451F11C2480077F274 /* Sources */ = {
			isa = PBXSourcesBuildPhase;
			buildActionMask = 2147483647;
			files = (
				FBFAC44E1F11C2480077F274 /* text_parserTests.swift in Sources */,
			);
			runOnlyForDeploymentPostprocessing = 0;
		};
		FBFAC4501F11C2480077F274 /* Sources */ = {
			isa = PBXSourcesBuildPhase;
			buildActionMask = 2147483647;
			files = (
				FBFAC4591F11C2480077F274 /* text_parserUITests.swift in Sources */,
			);
			runOnlyForDeploymentPostprocessing = 0;
		};
/* End PBXSourcesBuildPhase section */

/* Begin PBXTargetDependency section */
		FBFAC44B1F11C2480077F274 /* PBXTargetDependency */ = {
			isa = PBXTargetDependency;
			target = FBFAC4341F11C2470077F274 /* text_parser */;
			targetProxy = FBFAC44A1F11C2480077F274 /* PBXContainerItemProxy */;
		};
		FBFAC4561F11C2480077F274 /* PBXTargetDependency */ = {
			isa = PBXTargetDependency;
			target = FBFAC4341F11C2470077F274 /* text_parser */;
			targetProxy = FBFAC4551F11C2480077F274 /* PBXContainerItemProxy */;
		};
/* End PBXTargetDependency section */

/* Begin PBXVariantGroup section */
		FBFAC43C1F11C2470077F274 /* Main.storyboard */ = {
			isa = PBXVariantGroup;
			children = (
				FBFAC43D1F11C2470077F274 /* Base */,
			);
			name = Main.storyboard;
			sourceTree = "<group>";
		};
		FBFAC4411F11C2480077F274 /* LaunchScreen.storyboard */ = {
			isa = PBXVariantGroup;
			children = (
				FBFAC4421F11C2480077F274 /* Base */,
			);
			name = LaunchScreen.storyboard;
			sourceTree = "<group>";
		};
/* End PBXVariantGroup section */

/* Begin XCBuildConfiguration section */
		FBFAC45B1F11C2480077F274 /* Debug */ = {
			isa = XCBuildConfiguration;
			buildSettings = {
				ALWAYS_SEARCH_USER_PATHS = NO;
				CLANG_ANALYZER_NONNULL = YES;
				CLANG_ANALYZER_NUMBER_OBJECT_CONVERSION = YES_AGGRESSIVE;
				CLANG_CXX_LANGUAGE_STANDARD = "gnu++0x";
				CLANG_CXX_LIBRARY = "libc++";
				CLANG_ENABLE_MODULES = YES;
				CLANG_ENABLE_OBJC_ARC = YES;
				CLANG_WARN_BOOL_CONVERSION = YES;
				CLANG_WARN_CONSTANT_CONVERSION = YES;
				CLANG_WARN_DIRECT_OBJC_ISA_USAGE = YES_ERROR;
				CLANG_WARN_DOCUMENTATION_COMMENTS = YES;
				CLANG_WARN_EMPTY_BODY = YES;
				CLANG_WARN_ENUM_CONVERSION = YES;
				CLANG_WARN_INFINITE_RECURSION = YES;
				CLANG_WARN_INT_CONVERSION = YES;
				CLANG_WARN_OBJC_ROOT_CLASS = YES_ERROR;
				CLANG_WARN_SUSPICIOUS_MOVE = YES;
				CLANG_WARN_UNREACHABLE_CODE = YES;
				CLANG_WARN__DUPLICATE_METHOD_MATCH = YES;
				"CODE_SIGN_IDENTITY[sdk=iphoneos*]" = "iPhone Developer";
				COPY_PHASE_STRIP = NO;
				DEBUG_INFORMATION_FORMAT = dwarf;
				ENABLE_STRICT_OBJC_MSGSEND = YES;
				ENABLE_TESTABILITY = YES;
				GCC_C_LANGUAGE_STANDARD = gnu99;
				GCC_DYNAMIC_NO_PIC = NO;
				GCC_NO_COMMON_BLOCKS = YES;
				GCC_OPTIMIZATION_LEVEL = 0;
				GCC_PREPROCESSOR_DEFINITIONS = (
					"DEBUG=1",
					"$(inherited)",
				);
				GCC_WARN_64_TO_32_BIT_CONVERSION = YES;
				GCC_WARN_ABOUT_RETURN_TYPE = YES_ERROR;
				GCC_WARN_UNDECLARED_SELECTOR = YES;
				GCC_WARN_UNINITIALIZED_AUTOS = YES_AGGRESSIVE;
				GCC_WARN_UNUSED_FUNCTION = YES;
				GCC_WARN_UNUSED_VARIABLE = YES;
				IPHONEOS_DEPLOYMENT_TARGET = 10.3;
				MTL_ENABLE_DEBUG_INFO = YES;
				ONLY_ACTIVE_ARCH = YES;
				SDKROOT = iphoneos;
				SWIFT_ACTIVE_COMPILATION_CONDITIONS = DEBUG;
				SWIFT_OPTIMIZATION_LEVEL = "-Onone";
			};
			name = Debug;
		};
		FBFAC45C1F11C2480077F274 /* Release */ = {
			isa = XCBuildConfiguration;
			buildSettings = {
				ALWAYS_SEARCH_USER_PATHS = NO;
				CLANG_ANALYZER_NONNULL = YES;
				CLANG_ANALYZER_NUMBER_OBJECT_CONVERSION = YES_AGGRESSIVE;
				CLANG_CXX_LANGUAGE_STANDARD = "gnu++0x";
				CLANG_CXX_LIBRARY = "libc++";
				CLANG_ENABLE_MODULES = YES;
				CLANG_ENABLE_OBJC_ARC = YES;
				CLANG_WARN_BOOL_CONVERSION = YES;
				CLANG_WARN_CONSTANT_CONVERSION = YES;
				CLANG_WARN_DIRECT_OBJC_ISA_USAGE = YES_ERROR;
				CLANG_WARN_DOCUMENTATION_COMMENTS = YES;
				CLANG_WARN_EMPTY_BODY = YES;
				CLANG_WARN_ENUM_CONVERSION = YES;
				CLANG_WARN_INFINITE_RECURSION = YES;
				CLANG_WARN_INT_CONVERSION = YES;
				CLANG_WARN_OBJC_ROOT_CLASS = YES_ERROR;
				CLANG_WARN_SUSPICIOUS_MOVE = YES;
				CLANG_WARN_UNREACHABLE_CODE = YES;
				CLANG_WARN__DUPLICATE_METHOD_MATCH = YES;
				"CODE_SIGN_IDENTITY[sdk=iphoneos*]" = "iPhone Developer";
				COPY_PHASE_STRIP = NO;
				DEBUG_INFORMATION_FORMAT = "dwarf-with-dsym";
				ENABLE_NS_ASSERTIONS = NO;
				ENABLE_STRICT_OBJC_MSGSEND = YES;
				GCC_C_LANGUAGE_STANDARD = gnu99;
				GCC_NO_COMMON_BLOCKS = YES;
				GCC_WARN_64_TO_32_BIT_CONVERSION = YES;
				GCC_WARN_ABOUT_RETURN_TYPE = YES_ERROR;
				GCC_WARN_UNDECLARED_SELECTOR = YES;
				GCC_WARN_UNINITIALIZED_AUTOS = YES_AGGRESSIVE;
				GCC_WARN_UNUSED_FUNCTION = YES;
				GCC_WARN_UNUSED_VARIABLE = YES;
				IPHONEOS_DEPLOYMENT_TARGET = 10.3;
				MTL_ENABLE_DEBUG_INFO = NO;
				SDKROOT = iphoneos;
				SWIFT_OPTIMIZATION_LEVEL = "-Owholemodule";
				VALIDATE_PRODUCT = YES;
			};
			name = Release;
		};
		FBFAC45E1F11C2480077F274 /* Debug */ = {
			isa = XCBuildConfiguration;
			buildSettings = {
				ASSETCATALOG_COMPILER_APPICON_NAME = AppIcon;
				INFOPLIST_FILE = text_parser/Info.plist;
				LD_RUNPATH_SEARCH_PATHS = "$(inherited) @executable_path/Frameworks";
				PRODUCT_BUNDLE_IDENTIFIER = "Try.text-parser";
				PRODUCT_NAME = "$(TARGET_NAME)";
				SWIFT_VERSION = 3.0;
			};
			name = Debug;
		};
		FBFAC45F1F11C2480077F274 /* Release */ = {
			isa = XCBuildConfiguration;
			buildSettings = {
				ASSETCATALOG_COMPILER_APPICON_NAME = AppIcon;
				INFOPLIST_FILE = text_parser/Info.plist;
				LD_RUNPATH_SEARCH_PATHS = "$(inherited) @executable_path/Frameworks";
				PRODUCT_BUNDLE_IDENTIFIER = "Try.text-parser";
				PRODUCT_NAME = "$(TARGET_NAME)";
				SWIFT_VERSION = 3.0;
			};
			name = Release;
		};
		FBFAC4611F11C2480077F274 /* Debug */ = {
			isa = XCBuildConfiguration;
			buildSettings = {
				ALWAYS_EMBED_SWIFT_STANDARD_LIBRARIES = YES;
				BUNDLE_LOADER = "$(TEST_HOST)";
				INFOPLIST_FILE = text_parserTests/Info.plist;
				LD_RUNPATH_SEARCH_PATHS = "$(inherited) @executable_path/Frameworks @loader_path/Frameworks";
				PRODUCT_BUNDLE_IDENTIFIER = "Try.text-parserTests";
				PRODUCT_NAME = "$(TARGET_NAME)";
				SWIFT_VERSION = 3.0;
				TEST_HOST = "$(BUILT_PRODUCTS_DIR)/text_parser.app/text_parser";
			};
			name = Debug;
		};
		FBFAC4621F11C2480077F274 /* Release */ = {
			isa = XCBuildConfiguration;
			buildSettings = {
				ALWAYS_EMBED_SWIFT_STANDARD_LIBRARIES = YES;
				BUNDLE_LOADER = "$(TEST_HOST)";
				INFOPLIST_FILE = text_parserTests/Info.plist;
				LD_RUNPATH_SEARCH_PATHS = "$(inherited) @executable_path/Frameworks @loader_path/Frameworks";
				PRODUCT_BUNDLE_IDENTIFIER = "Try.text-parserTests";
				PRODUCT_NAME = "$(TARGET_NAME)";
				SWIFT_VERSION = 3.0;
				TEST_HOST = "$(BUILT_PRODUCTS_DIR)/text_parser.app/text_parser";
			};
			name = Release;
		};
		FBFAC4641F11C2480077F274 /* Debug */ = {
			isa = XCBuildConfiguration;
			buildSettings = {
				ALWAYS_EMBED_SWIFT_STANDARD_LIBRARIES = YES;
				INFOPLIST_FILE = text_parserUITests/Info.plist;
				LD_RUNPATH_SEARCH_PATHS = "$(inherited) @executable_path/Frameworks @loader_path/Frameworks";
				PRODUCT_BUNDLE_IDENTIFIER = "Try.text-parserUITests";
				PRODUCT_NAME = "$(TARGET_NAME)";
				SWIFT_VERSION = 3.0;
				TEST_TARGET_NAME = text_parser;
			};
			name = Debug;
		};
		FBFAC4651F11C2480077F274 /* Release */ = {
			isa = XCBuildConfiguration;
			buildSettings = {
				ALWAYS_EMBED_SWIFT_STANDARD_LIBRARIES = YES;
				INFOPLIST_FILE = text_parserUITests/Info.plist;
				LD_RUNPATH_SEARCH_PATHS = "$(inherited) @executable_path/Frameworks @loader_path/Frameworks";
				PRODUCT_BUNDLE_IDENTIFIER = "Try.text-parserUITests";
				PRODUCT_NAME = "$(TARGET_NAME)";
				SWIFT_VERSION = 3.0;
				TEST_TARGET_NAME = text_parser;
			};
			name = Release;
		};
/* End XCBuildConfiguration section */

/* Begin XCConfigurationList section */
		FBFAC4301F11C2470077F274 /* Build configuration list for PBXProject "text_parser" */ = {
			isa = XCConfigurationList;
			buildConfigurations = (
				FBFAC45B1F11C2480077F274 /* Debug */,
				FBFAC45C1F11C2480077F274 /* Release */,
			);
			defaultConfigurationIsVisible = 0;
			defaultConfigurationName = Release;
		};
		FBFAC45D1F11C2480077F274 /* Build configuration list for PBXNativeTarget "text_parser" */ = {
			isa = XCConfigurationList;
			buildConfigurations = (
				FBFAC45E1F11C2480077F274 /* Debug */,
				FBFAC45F1F11C2480077F274 /* Release */,
			);
			defaultConfigurationIsVisible = 0;
			defaultConfigurationName = Release;
		};
		FBFAC4601F11C2480077F274 /* Build configuration list for PBXNativeTarget "text_parserTests" */ = {
			isa = XCConfigurationList;
			buildConfigurations = (
				FBFAC4611F11C2480077F274 /* Debug */,
				FBFAC4621F11C2480077F274 /* Release */,
			);
			defaultConfigurationIsVisible = 0;
			defaultConfigurationName = Release;
		};
		FBFAC4631F11C2480077F274 /* Build configuration list for PBXNativeTarget "text_parserUITests" */ = {
			isa = XCConfigurationList;
			buildConfigurations = (
				FBFAC4641F11C2480077F274 /* Debug */,
				FBFAC4651F11C2480077F274 /* Release */,
			);
			defaultConfigurationIsVisible = 0;
			defaultConfigurationName = Release;
		};
/* End XCConfigurationList section */
	};
	rootObject = FBFAC42D1F11C2470077F274 /* Project object */;
}
